<Solution>
  <Project Path="SkiaSharp/SkiaSharp.csproj" />
  <Project Path="ProGPU.Transpiler/ProGPU.Transpiler.csproj" />
  <Project Path="ProGPU.Backend/ProGPU.Backend.csproj" />
  <Project Path="ProGPU.Backend.Tests/ProGPU.Backend.Tests.csproj" />
  <Project Path="ProGPU.Backend.Native/ProGPU.Backend.Native.csproj" />
  <Project Path="ProGPU.Backend.Dawn/ProGPU.Backend.Dawn.csproj" />
  <Project Path="ProGPU.Media/ProGPU.Media.csproj" />
  <Project Path="ProGPU.Media.Editing/ProGPU.Media.Editing.csproj" />
  <Project Path="ProGPU.Media.Scene/ProGPU.Media.Scene.csproj" />
  <Project Path="ProGPU.WinRT/ProGPU.WinRT.csproj" />
  <Project Path="ProGPU.Apple.Media/ProGPU.Apple.Media.csproj" />
  <Project Path="ProGPU.Windows.Media/ProGPU.Windows.Media.csproj" />
  <Project Path="ProGPU.Android.Media/ProGPU.Android.Media.csproj" />
  <Project Path="ProGPU.Linux.Media/ProGPU.Linux.Media.csproj" />
  <Project Path="ProGPU.Browser/ProGPU.Browser.csproj" />
  <Project Path="ProGPU.Android/ProGPU.Android.csproj" />
  <Project Path="ProGPU.DirectX/ProGPU.DirectX.csproj" />
  <Project Path="ProGPU.Vector/ProGPU.Vector.csproj" />
  <Project Path="ProGPU.Text.Shaping/ProGPU.Text.Shaping.csproj" />
  <Project Path="ProGPU.Text/ProGPU.Text.csproj" />
  <Project Path="ProGPU.Fonts.Inter/ProGPU.Fonts.Inter.csproj" />
  <Project Path="ProGPU.Fonts.Noto/ProGPU.Fonts.Noto.csproj" />
  <Project Path="ProGPU.Compute/ProGPU.Compute.csproj" />
  <Project Path="ProGPU.Scene/ProGPU.Scene.csproj" />
  <Project Path="ProGPU.Scene.Native/ProGPU.Scene.Native.csproj" />
  <Project Path="ProGPU.Voxel/ProGPU.Voxel.csproj" />
  <Project Path="ProGPU.Voxel.WinUI/ProGPU.Voxel.WinUI.csproj" />
  <Project Path="ProGPU.Voxel.Tests/ProGPU.Voxel.Tests.csproj" />
  <Project Path="ProGPU.Wpf.Interop/ProGPU.Wpf.Interop.csproj" />
  <Project Path="System.Drawing.Common/System.Drawing.Common.csproj" />
  <Project Path="System.Drawing.Common.Tests/System.Drawing.Common.Tests.csproj" />
  <Project Path="System.Drawing.Common.Benchmarks/System.Drawing.Common.Benchmarks.csproj" />
  <Project Path="PresentationCore/PresentationCore.csproj" />
  <Project Path="ProGPU.Layout/ProGPU.Layout.csproj" />
  <Project Path="ProGPU.Virtualization/ProGPU.Virtualization.csproj" />
  <Project Path="ProGPU.WinUI/ProGPU.WinUI.csproj" />
  <Project Path="ProGPU.WinUI.Themes.Fluent/ProGPU.WinUI.Themes.Fluent.csproj" />
  <Project Path="ProGPU.WinUI.Charts/ProGPU.WinUI.Charts.csproj" />
  <Project Path="ProGPU.WinUI.Designer/ProGPU.WinUI.Designer.csproj" />
  <Project Path="ProGPU.Avalonia/ProGPU.Avalonia.csproj" />
  <Project Path="ProGPU.Avalonia.Rendering/ProGPU.Avalonia.Rendering.csproj" />
  <Project Path="ProGPU.Avalonia.SilkNet/ProGPU.Avalonia.SilkNet.csproj" />
  <Project Path="ProGPU.Avalonia.SkiaSourceCompatibility/ProGPU.Avalonia.SkiaSourceCompatibility.csproj" />
  <Project Path="ProGPU.Avalonia.Skia.BinaryCompatibility/ProGPU.Avalonia.Skia.BinaryCompatibility.csproj" />
  <Project Path="ProGPU.Avalonia.Skia.BinaryCompatibility.V11/ProGPU.Avalonia.Skia.BinaryCompatibility.V11.csproj" />
  <Project Path="ProGPU.BinaryCompatibility/ProGPU.BinaryCompatibility.csproj" />
  <Project Path="../tests/ProGPU.BinaryCompatibility.Tests/ProGPU.BinaryCompatibility.Tests.csproj" />
  <Folder Name="/Avalonia 11/">
    <Project Path="ProGPU.Avalonia.Rendering.V11/ProGPU.Avalonia.Rendering.V11.csproj" />
    <Project Path="ProGPU.Avalonia.SilkNet.V11/ProGPU.Avalonia.SilkNet.V11.csproj" />
    <Project Path="../tests/ProGPU.Avalonia.SilkNet.ContractTests.V11/ProGPU.Avalonia.SilkNet.ContractTests.V11.csproj" />
  </Folder>
  <Project Path="ProGPU.Uno/ProGPU.Uno.csproj" />
  <Project Path="ProGPU.Samples/ProGPU.Samples.csproj" />
  <Project Path="ProGPU.Samples.ActivityMonitor/ProGPU.Samples.ActivityMonitor.csproj" />
  <Project Path="ProGPU.Samples.Desktop/ProGPU.Samples.Desktop.csproj" />
  <Project Path="ProGPU.Native.ManagedSample/ProGPU.Native.ManagedSample.csproj" />
  <Project Path="ProGPU.Native.Benchmarks/ProGPU.Native.Benchmarks.csproj" />
  <Project Path="ProGPU.Samples.Browser/ProGPU.Samples.Browser.csproj" />
  <Project Path="ProGPU.Samples.Android/ProGPU.Samples.Android.csproj" />
  <Project Path="ProGPU.Samples.Avalonia/ProGPU.Samples.Avalonia.csproj" />
  <Project Path="ProGPU.Samples.Uno/ProGPU.Samples.Uno/ProGPU.Samples.Uno.csproj" />
  <Project Path="ProGPU.Dxf/ProGPU.Dxf.csproj" />
  <Project Path="ProGPU.Tests.Headless/ProGPU.Tests.Headless.csproj" />
  <Project Path="ProGPU.Tests/ProGPU.Tests.csproj" />
  <Project Path="../tests/ProGPU.Avalonia.ContractTests/ProGPU.Avalonia.ContractTests.csproj" />
  <Project Path="../tests/ProGPU.Avalonia.HeadlessPixelTests/ProGPU.Avalonia.HeadlessPixelTests.csproj" />
  <Project Path="../tests/ProGPU.Avalonia.SilkNet.ContractTests/ProGPU.Avalonia.SilkNet.ContractTests.csproj" />
  <Project Path="ProGPU.Xaml/ProGPU.Xaml.csproj" />
  <Project Path="ProGPU.Xaml.Roslyn/ProGPU.Xaml.Roslyn.csproj" />
  <Project Path="ProGPU.Xaml.SourceGenerator/ProGPU.Xaml.SourceGenerator.csproj" />
  <Project Path="ProGPU.Xaml.Workspaces/ProGPU.Xaml.Workspaces.csproj" />
  <Project Path="ProGPU.Xaml.Tests/ProGPU.Xaml.Tests.csproj" />
  <Project Path="../tools/TtfDiag/TtfDiag.csproj" />
  <Project Path="../tools/DxfDiag/DxfDiag.csproj" />
  <Project Path="../tools/HarfBuzzParity/HarfBuzzParity.csproj" />
  <Project Path="../tools/ProGPU.Voxel.Benchmarks/ProGPU.Voxel.Benchmarks.csproj" />
  <Project Path="../tools/ProGPU.Xaml.Cli/ProGPU.Xaml.Cli.csproj" />
</Solution>
